
Microsoft Visual Studio Solution File, Format Version 11.00
# Visual Studio 2010
Project("{FAE04EC0-301F-11D3-BF4B-00C04F79EFBC}") = "DapperLite.NET40", ".\DapperLite.NET40\DapperLite.NET40.csproj", "{6C2E6AC6-2140-4A1C-80E6-B6C29D631492}"
EndProject
Global
	GlobalSection(SolutionConfigurationPlatforms) = preSolution
		Debug|Any CPU = Debug|Any CPU
		Release|Any CPU = Release|Any CPU
	EndGlobalSection
	GlobalSection(ProjectConfigurationPlatforms) = postSolution
		{6C2E6AC6-2140-4A1C-80E6-B6C29D631492}.Debug|Any CPU.ActiveCfg = Debug|Any CPU
		{6C2E6AC6-2140-4A1C-80E6-B6C29D631492}.Debug|Any CPU.Build.0 = Debug|Any CPU
		{6C2E6AC6-2140-4A1C-80E6-B6C29D631492}.Release|Any CPU.ActiveCfg = Release|Any CPU
		{6C2E6AC6-2140-4A1C-80E6-B6C29D631492}.Release|Any CPU.Build.0 = Release|Any CPU
	EndGlobalSection
	GlobalSection(SolutionProperties) = preSolution
		HideSolutionNode = FALSE
	EndGlobalSection
EndGlobal
